
Microsoft Visual Studio Solution File, Format Version 12.00
# Visual Studio 2015
Project("{FAE04EC0-301F-11D3-BF4B-00C04F79EFBC}") = "Ionio game.CSharp.Plugins", "Ionio game.CSharp.Plugins.csproj", "{A5B52A6F-3599-87D1-6B9A-9541980C8525}"
EndProject
Project("{FAE04EC0-301F-11D3-BF4B-00C04F79EFBC}") = "Ionio game.CSharp", "Ionio game.CSharp.csproj", "{D9A27CDA-3A88-65D7-D75A-E24534342402}"
EndProject
Project("{FAE04EC0-301F-11D3-BF4B-00C04F79EFBC}") = "Ionio game.CSharp.Editor", "Ionio game.CSharp.Editor.csproj", "{13DDE2D1-1274-6186-8E4D-9AE2441FDF9D}"
EndProject
Global
	GlobalSection(SolutionConfigurationPlatforms) = preSolution
		Debug|Any CPU = Debug|Any CPU
		Release|Any CPU = Release|Any CPU
	EndGlobalSection
	GlobalSection(ProjectConfigurationPlatforms) = postSolution
		{A5B52A6F-3599-87D1-6B9A-9541980C8525}.Debug|Any CPU.ActiveCfg = Debug|Any CPU
		{A5B52A6F-3599-87D1-6B9A-9541980C8525}.Debug|Any CPU.Build.0 = Debug|Any CPU
		{A5B52A6F-3599-87D1-6B9A-9541980C8525}.Release|Any CPU.ActiveCfg = Release|Any CPU
		{A5B52A6F-3599-87D1-6B9A-9541980C8525}.Release|Any CPU.Build.0 = Release|Any CPU
		{D9A27CDA-3A88-65D7-D75A-E24534342402}.Debug|Any CPU.ActiveCfg = Debug|Any CPU
		{D9A27CDA-3A88-65D7-D75A-E24534342402}.Debug|Any CPU.Build.0 = Debug|Any CPU
		{D9A27CDA-3A88-65D7-D75A-E24534342402}.Release|Any CPU.ActiveCfg = Release|Any CPU
		{D9A27CDA-3A88-65D7-D75A-E24534342402}.Release|Any CPU.Build.0 = Release|Any CPU
		{13DDE2D1-1274-6186-8E4D-9AE2441FDF9D}.Debug|Any CPU.ActiveCfg = Debug|Any CPU
		{13DDE2D1-1274-6186-8E4D-9AE2441FDF9D}.Debug|Any CPU.Build.0 = Debug|Any CPU
		{13DDE2D1-1274-6186-8E4D-9AE2441FDF9D}.Release|Any CPU.ActiveCfg = Release|Any CPU
		{13DDE2D1-1274-6186-8E4D-9AE2441FDF9D}.Release|Any CPU.Build.0 = Release|Any CPU
	EndGlobalSection
	GlobalSection(SolutionProperties) = preSolution
		HideSolutionNode = FALSE
	EndGlobalSection
EndGlobal
